# This file is automatically @generated by Poetry 2.1.2 and should not be changed by hand.

[[package]]
name = "modo-api"
version = "15.1.2"
description = "Dumped API for Modo 15.1.2"
optional = false
python-versions = "*"
groups = ["main"]
files = [
    {file = "modo-api-15.1.2.tar.gz", hash = "sha256:2e5df341c01d388134ff393c9a42ca3397e791043f3f1845f709bed45a6dd3b6"},
    {file = "modo_api-15.1.2-py3-none-any.whl", hash = "sha256:34a3020536e7abe1c16be36a8e567a418a2e10422a005af0c901e95b500ede25"},
]

[[package]]
name = "pyside6"
version = "6.3.1"
description = "Python bindings for the Qt cross-platform application and UI framework"
optional = false
python-versions = "<3.11,>=3.6"
groups = ["dev"]
files = [
    {file = "PySide6-6.3.1-cp36-abi3-macosx_10_9_universal2.whl", hash = "sha256:58b824cb41d549a149a17786326f79a2fa46a1ce94e06397e78ea5707757b052"},
    {file = "PySide6-6.3.1-cp36-abi3-manylinux_2_28_x86_64.whl", hash = "sha256:bc749968d641af1c516b6b0e00264bffea9cfc2d56dc04766f36e1a313e93a3a"},
    {file = "PySide6-6.3.1-cp36-abi3-win_amd64.whl", hash = "sha256:947185379c181d5e51b7b6bf2df8d8127c675ea57604d41265c67444d226db26"},
]

[package.dependencies]
PySide6-Addons = "6.3.1"
PySide6-Essentials = "6.3.1"
shiboken6 = "6.3.1"

[[package]]
name = "pyside6-addons"
version = "6.3.1"
description = "Python bindings for the Qt cross-platform application and UI framework (Addons)"
optional = false
python-versions = "<3.11,>=3.6"
groups = ["dev"]
files = [
    {file = "PySide6_Addons-6.3.1-cp36-abi3-macosx_10_9_universal2.whl", hash = "sha256:7a6bb180e41a4c599aa0e93d11e60570d0ebc79c197afccd9c227566dad5d5ef"},
    {file = "PySide6_Addons-6.3.1-cp36-abi3-manylinux_2_28_x86_64.whl", hash = "sha256:14f4171b15dbdd7d120dc125c84f2eca53bc197182295bfdfdb3bb95b58a46c7"},
    {file = "PySide6_Addons-6.3.1-cp36-abi3-win_amd64.whl", hash = "sha256:9a933fac75c85bea3a9e31b24926e06b1afebae23cd164f10f2001999ea2692c"},
]

[package.dependencies]
PySide6-Essentials = "6.3.1"
shiboken6 = "6.3.1"

[[package]]
name = "pyside6-essentials"
version = "6.3.1"
description = "Python bindings for the Qt cross-platform application and UI framework (Essentials)"
optional = false
python-versions = "<3.11,>=3.6"
groups = ["dev"]
files = [
    {file = "PySide6_Essentials-6.3.1-cp36-abi3-macosx_10_9_universal2.whl", hash = "sha256:55696693325a2de7bf5b56274b534f191032d218d61a948baa95933f6e642e59"},
    {file = "PySide6_Essentials-6.3.1-cp36-abi3-manylinux_2_28_x86_64.whl", hash = "sha256:e27962beb2cc45fe13a1a1c24a454c3c3c3c3082c4a84bc5dcf6b306979ba013"},
    {file = "PySide6_Essentials-6.3.1-cp36-abi3-win_amd64.whl", hash = "sha256:fa825c5396a5dfedf59635e904239187e2f2225c7f65917d4e973062c9a6b916"},
]

[package.dependencies]
shiboken6 = "6.3.1"

[[package]]
name = "shiboken6"
version = "6.3.1"
description = "Python/C++ bindings helper module"
optional = false
python-versions = "<3.11,>=3.6"
groups = ["dev"]
files = [
    {file = "shiboken6-6.3.1-cp36-abi3-macosx_10_9_universal2.whl", hash = "sha256:6393aa330101b098631a88dfb99b6b46794046c7f63b5c1ac93ae2fcef4773ff"},
    {file = "shiboken6-6.3.1-cp36-abi3-manylinux_2_28_x86_64.whl", hash = "sha256:aad9aa8e7ecd3c889cc789e41abf3990101126b5b02edfcf87f1ef331c9dc45a"},
    {file = "shiboken6-6.3.1-cp36-abi3-win_amd64.whl", hash = "sha256:cb9cf4ad858e59237642bf6b8be1fe6f19cb090799ff00e4c2643768d73e8ebe"},
]

[[package]]
name = "toml"
version = "0.10.2"
description = "Python Library for Tom's Obvious, Minimal Language"
optional = false
python-versions = ">=2.6, !=3.0.*, !=3.1.*, !=3.2.*"
groups = ["dev"]
files = [
    {file = "toml-0.10.2-py2.py3-none-any.whl", hash = "sha256:806143ae5bfb6a3c6e736a764057db0e6a0e05e338b5630894a5f779cabb4f9b"},
    {file = "toml-0.10.2.tar.gz", hash = "sha256:b3bda1d108d5dd99f4a20d24d9c348e91c4db7ab1b749200bded2f839ccbe68f"},
]

[metadata]
lock-version = "2.1"
python-versions = ">=3.9,<3.10"
content-hash = "7d5cdf02be813af813ff483ffc8324fa5b9835734e2e4e5782b6d0bfab4048d9"
